Microsoft Visual Studio Solution File, Format Version 12.00
# Visual Studio Version 17
VisualStudioVersion = 17.5.2.0
MinimumVisualStudioVersion = 10.0.40219.1
Project("{2150E333-8FDC-42A3-9474-1A3956D46DE8}") = "src", "src", "{827E0CD3-B72D-47B6-A68D-7590B98EB39B}"
EndProject
Project("{FAE04EC0-301F-11D3-BF4B-00C04F79EFBC}") = "DlssChecker", "src\DlssChecker\DlssChecker.csproj", "{9658371F-6502-2298-CB58-BF4B6368908C}"
EndProject
Global
	GlobalSection(SolutionConfigurationPlatforms) = preSolution
		Debug|Any CPU = Debug|Any CPU
		Release|Any CPU = Release|Any CPU
	EndGlobalSection
	GlobalSection(ProjectConfigurationPlatforms) = postSolution
		{9658371F-6502-2298-CB58-BF4B6368908C}.Debug|Any CPU.ActiveCfg = Debug|Any CPU
		{9658371F-6502-2298-CB58-BF4B6368908C}.Debug|Any CPU.Build.0 = Debug|Any CPU
		{9658371F-6502-2298-CB58-BF4B6368908C}.Release|Any CPU.ActiveCfg = Release|Any CPU
		{9658371F-6502-2298-CB58-BF4B6368908C}.Release|Any CPU.Build.0 = Release|Any CPU
	EndGlobalSection
	GlobalSection(SolutionProperties) = preSolution
		HideSolutionNode = FALSE
	EndGlobalSection
	GlobalSection(NestedProjects) = preSolution
		{9658371F-6502-2298-CB58-BF4B6368908C} = {827E0CD3-B72D-47B6-A68D-7590B98EB39B}
	EndGlobalSection
	GlobalSection(ExtensibilityGlobals) = postSolution
		SolutionGuid = {AF0043CE-E3DB-4EFB-8969-D6C220652225}
	EndGlobalSection
EndGlobal
